// !$*UTF8*$!
{
	archiveVersion = 1;
	classes = {
	};
	objectVersion = 46;
	objects = {

/* Begin PBXBuildFile section */
		024BFBA91E601FE400215F6C /* AnimationsView.swift in Sources */ = {isa = PBXBuildFile; fileRef = 024BFBA21E601FE400215F6C /* AnimationsView.swift */; };
		024BFBAA1E601FE400215F6C /* AnimationsViewController.swift in Sources */ = {isa = PBXBuildFile; fileRef = 024BFBA31E601FE400215F6C /* AnimationsViewController.swift */; };
		024BFBAB1E601FE400215F6C /* AnimationsViewController.xib in Resources */ = {isa = PBXBuildFile; fileRef = 024BFBA41E601FE400215F6C /* AnimationsViewController.xib */; };
		024BFBB01E60413800215F6C /* MovableView.swift in Sources */ = {isa = PBXBuildFile; fileRef = 024BFBAF1E60413800215F6C /* MovableView.swift */; };
		02509C6B1E5DC30500A780C1 /* AppDelegate.swift in Sources */ = {isa = PBXBuildFile; fileRef = 02509C6A1E5DC30500A780C1 /* AppDelegate.swift */; };
		02509C721E5DC30500A780C1 /* Assets.xcassets in Resources */ = {isa = PBXBuildFile; fileRef = 02509C711E5DC30500A780C1 /* Assets.xcassets */; };
		02509C751E5DC30500A780C1 /* LaunchScreen.storyboard in Resources */ = {isa = PBXBuildFile; fileRef = 02509C731E5DC30500A780C1 /* LaunchScreen.storyboard */; };
		02A357141E646C6100FDA8C0 /* UINib.swift in Sources */ = {isa = PBXBuildFile; fileRef = 02A356D61E646C6100FDA8C0 /* UINib.swift */; };
		02A357171E646C6100FDA8C0 /* UIViewController.swift in Sources */ = {isa = PBXBuildFile; fileRef = 02A356D91E646C6100FDA8C0 /* UIViewController.swift */; };
		02A357181E646C6100FDA8C0 /* UIWindow.swift in Sources */ = {isa = PBXBuildFile; fileRef = 02A356DA1E646C6100FDA8C0 /* UIWindow.swift */; };
		02A357381E64711600FDA8C0 /* Array.swift in Sources */ = {isa = PBXBuildFile; fileRef = 02A357371E64711600FDA8C0 /* Array.swift */; };
/* End PBXBuildFile section */

/* Begin PBXFileReference section */
		024BFBA21E601FE400215F6C /* AnimationsView.swift */ = {isa = PBXFileReference; fileEncoding = 4; lastKnownFileType = sourcecode.swift; path = AnimationsView.swift; sourceTree = "<group>"; };
		024BFBA31E601FE400215F6C /* AnimationsViewController.swift */ = {isa = PBXFileReference; fileEncoding = 4; lastKnownFileType = sourcecode.swift; path = AnimationsViewController.swift; sourceTree = "<group>"; };
		024BFBA41E601FE400215F6C /* AnimationsViewController.xib */ = {isa = PBXFileReference; fileEncoding = 4; lastKnownFileType = file.xib; path = AnimationsViewController.xib; sourceTree = "<group>"; };
		024BFBAF1E60413800215F6C /* MovableView.swift */ = {isa = PBXFileReference; fileEncoding = 4; lastKnownFileType = sourcecode.swift; path = MovableView.swift; sourceTree = "<group>"; };
		02509C671E5DC30500A780C1 /* AnimationsWorks.app */ = {isa = PBXFileReference; explicitFileType = wrapper.application; includeInIndex = 0; path = AnimationsWorks.app; sourceTree = BUILT_PRODUCTS_DIR; };
		02509C6A1E5DC30500A780C1 /* AppDelegate.swift */ = {isa = PBXFileReference; lastKnownFileType = sourcecode.swift; path = AppDelegate.swift; sourceTree = "<group>"; };
		02509C711E5DC30500A780C1 /* Assets.xcassets */ = {isa = PBXFileReference; lastKnownFileType = folder.assetcatalog; path = Assets.xcassets; sourceTree = "<group>"; };
		02509C741E5DC30500A780C1 /* Base */ = {isa = PBXFileReference; lastKnownFileType = file.storyboard; name = Base; path = Base.lproj/LaunchScreen.storyboard; sourceTree = "<group>"; };
		02509C761E5DC30500A780C1 /* Info.plist */ = {isa = PBXFileReference; lastKnownFileType = text.plist.xml; path = Info.plist; sourceTree = "<group>"; };
		02A356D61E646C6100FDA8C0 /* UINib.swift */ = {isa = PBXFileReference; fileEncoding = 4; lastKnownFileType = sourcecode.swift; path = UINib.swift; sourceTree = "<group>"; };
		02A356D91E646C6100FDA8C0 /* UIViewController.swift */ = {isa = PBXFileReference; fileEncoding = 4; lastKnownFileType = sourcecode.swift; path = UIViewController.swift; sourceTree = "<group>"; };
		02A356DA1E646C6100FDA8C0 /* UIWindow.swift */ = {isa = PBXFileReference; fileEncoding = 4; lastKnownFileType = sourcecode.swift; path = UIWindow.swift; sourceTree = "<group>"; };
		02A357371E64711600FDA8C0 /* Array.swift */ = {isa = PBXFileReference; fileEncoding = 4; lastKnownFileType = sourcecode.swift; path = Array.swift; sourceTree = "<group>"; };
/* End PBXFileReference section */

/* Begin PBXFrameworksBuildPhase section */
		02509C641E5DC30500A780C1 /* Frameworks */ = {
			isa = PBXFrameworksBuildPhase;
			buildActionMask = 2147483647;
			files = (
			);
			runOnlyForDeploymentPostprocessing = 0;
		};
/* End PBXFrameworksBuildPhase section */

/* Begin PBXGroup section */
		024BFB9F1E601FE400215F6C /* Sources */ = {
			isa = PBXGroup;
			children = (
				024BFBA01E601FE400215F6C /* UI */,
			);
			path = Sources;
			sourceTree = "<group>";
		};
		024BFBA01E601FE400215F6C /* UI */ = {
			isa = PBXGroup;
			children = (
				024BFBA11E601FE400215F6C /* AnimationsVIewController */,
				024BFBAF1E60413800215F6C /* MovableView.swift */,
			);
			path = UI;
			sourceTree = "<group>";
		};
		024BFBA11E601FE400215F6C /* AnimationsVIewController */ = {
			isa = PBXGroup;
			children = (
				024BFBA31E601FE400215F6C /* AnimationsViewController.swift */,
				024BFBA41E601FE400215F6C /* AnimationsViewController.xib */,
				024BFBA21E601FE400215F6C /* AnimationsView.swift */,
			);
			path = AnimationsVIewController;
			sourceTree = "<group>";
		};
		02509C5E1E5DC30500A780C1 = {
			isa = PBXGroup;
			children = (
				02509C691E5DC30500A780C1 /* AnimationsWorks */,
				02509C681E5DC30500A780C1 /* Products */,
			);
			sourceTree = "<group>";
		};
		02509C681E5DC30500A780C1 /* Products */ = {
			isa = PBXGroup;
			children = (
				02509C671E5DC30500A780C1 /* AnimationsWorks.app */,
			);
			name = Products;
			sourceTree = "<group>";
		};
		02509C691E5DC30500A780C1 /* AnimationsWorks */ = {
			isa = PBXGroup;
			children = (
				02A356BE1E646C6100FDA8C0 /* Library */,
				02509C6A1E5DC30500A780C1 /* AppDelegate.swift */,
				024BFB9F1E601FE400215F6C /* Sources */,
				02509C711E5DC30500A780C1 /* Assets.xcassets */,
				02509C731E5DC30500A780C1 /* LaunchScreen.storyboard */,
				02509C761E5DC30500A780C1 /* Info.plist */,
			);
			path = AnimationsWorks;
			sourceTree = "<group>";
		};
		02A356BE1E646C6100FDA8C0 /* Library */ = {
			isa = PBXGroup;
			children = (
				02A356C51E646C6100FDA8C0 /* Extensions */,
			);
			path = Library;
			sourceTree = "<group>";
		};
		02A356C51E646C6100FDA8C0 /* Extensions */ = {
			isa = PBXGroup;
			children = (
				02A357371E64711600FDA8C0 /* Array.swift */,
				02A356D61E646C6100FDA8C0 /* UINib.swift */,
				02A356D91E646C6100FDA8C0 /* UIViewController.swift */,
				02A356DA1E646C6100FDA8C0 /* UIWindow.swift */,
			);
			path = Extensions;
			sourceTree = "<group>";
		};
/* End PBXGroup section */

/* Begin PBXNativeTarget section */
		02509C661E5DC30500A780C1 /* AnimationsWorks */ = {
			isa = PBXNativeTarget;
			buildConfigurationList = 02509C791E5DC30500A780C1 /* Build configuration list for PBXNativeTarget "AnimationsWorks" */;
			buildPhases = (
				02509C631E5DC30500A780C1 /* Sources */,
				02509C641E5DC30500A780C1 /* Frameworks */,
				02509C651E5DC30500A780C1 /* Resources */,
			);
			buildRules = (
			);
			dependencies = (
			);
			name = AnimationsWorks;
			productName = AnimationsWorks;
			productReference = 02509C671E5DC30500A780C1 /* AnimationsWorks.app */;
			productType = "com.apple.product-type.application";
		};
/* End PBXNativeTarget section */

/* Begin PBXProject section */
		02509C5F1E5DC30500A780C1 /* Project object */ = {
			isa = PBXProject;
			attributes = {
				LastSwiftUpdateCheck = 0820;
				LastUpgradeCheck = 0820;
				ORGANIZATIONNAME = "Pavel Bondar";
				TargetAttributes = {
					02509C661E5DC30500A780C1 = {
						CreatedOnToolsVersion = 8.2.1;
						ProvisioningStyle = Automatic;
					};
				};
			};
			buildConfigurationList = 02509C621E5DC30500A780C1 /* Build configuration list for PBXProject "AnimationsWorks" */;
			compatibilityVersion = "Xcode 3.2";
			developmentRegion = English;
			hasScannedForEncodings = 0;
			knownRegions = (
				en,
				Base,
			);
			mainGroup = 02509C5E1E5DC30500A780C1;
			productRefGroup = 02509C681E5DC30500A780C1 /* Products */;
			projectDirPath = "";
			projectRoot = "";
			targets = (
				02509C661E5DC30500A780C1 /* AnimationsWorks */,
			);
		};
/* End PBXProject section */

/* Begin PBXResourcesBuildPhase section */
		02509C651E5DC30500A780C1 /* Resources */ = {
			isa = PBXResourcesBuildPhase;
			buildActionMask = 2147483647;
			files = (
				02509C751E5DC30500A780C1 /* LaunchScreen.storyboard in Resources */,
				02509C721E5DC30500A780C1 /* Assets.xcassets in Resources */,
				024BFBAB1E601FE400215F6C /* AnimationsViewController.xib in Resources */,
			);
			runOnlyForDeploymentPostprocessing = 0;
		};
/* End PBXResourcesBuildPhase section */

/* Begin PBXSourcesBuildPhase section */
		02509C631E5DC30500A780C1 /* Sources */ = {
			isa = PBXSourcesBuildPhase;
			buildActionMask = 2147483647;
			files = (
				02A357141E646C6100FDA8C0 /* UINib.swift in Sources */,
				02A357181E646C6100FDA8C0 /* UIWindow.swift in Sources */,
				024BFBB01E60413800215F6C /* MovableView.swift in Sources */,
				024BFBAA1E601FE400215F6C /* AnimationsViewController.swift in Sources */,
				02509C6B1E5DC30500A780C1 /* AppDelegate.swift in Sources */,
				02A357381E64711600FDA8C0 /* Array.swift in Sources */,
				024BFBA91E601FE400215F6C /* AnimationsView.swift in Sources */,
				02A357171E646C6100FDA8C0 /* UIViewController.swift in Sources */,
			);
			runOnlyForDeploymentPostprocessing = 0;
		};
/* End PBXSourcesBuildPhase section */

/* Begin PBXVariantGroup section */
		02509C731E5DC30500A780C1 /* LaunchScreen.storyboard */ = {
			isa = PBXVariantGroup;
			children = (
				02509C741E5DC30500A780C1 /* Base */,
			);
			name = LaunchScreen.storyboard;
			sourceTree = "<group>";
		};
/* End PBXVariantGroup section */

/* Begin XCBuildConfiguration section */
		02509C771E5DC30500A780C1 /* Debug */ = {
			isa = XCBuildConfiguration;
			buildSettings = {
				ALWAYS_SEARCH_USER_PATHS = NO;
				CLANG_ANALYZER_NONNULL = YES;
				CLANG_CXX_LANGUAGE_STANDARD = "gnu++0x";
				CLANG_CXX_LIBRARY = "libc++";
				CLANG_ENABLE_MODULES = YES;
				CLANG_ENABLE_OBJC_ARC = YES;
				CLANG_WARN_BOOL_CONVERSION = YES;
				CLANG_WARN_CONSTANT_CONVERSION = YES;
				CLANG_WARN_DIRECT_OBJC_ISA_USAGE = YES_ERROR;
				CLANG_WARN_DOCUMENTATION_COMMENTS = YES;
				CLANG_WARN_EMPTY_BODY = YES;
				CLANG_WARN_ENUM_CONVERSION = YES;
				CLANG_WARN_INFINITE_RECURSION = YES;
				CLANG_WARN_INT_CONVERSION = YES;
				CLANG_WARN_OBJC_ROOT_CLASS = YES_ERROR;
				CLANG_WARN_SUSPICIOUS_MOVE = YES;
				CLANG_WARN_UNREACHABLE_CODE = YES;
				CLANG_WARN__DUPLICATE_METHOD_MATCH = YES;
				"CODE_SIGN_IDENTITY[sdk=iphoneos*]" = "iPhone Developer";
				COPY_PHASE_STRIP = NO;
				DEBUG_INFORMATION_FORMAT = dwarf;
				ENABLE_STRICT_OBJC_MSGSEND = YES;
				ENABLE_TESTABILITY = YES;
				GCC_C_LANGUAGE_STANDARD = gnu99;
				GCC_DYNAMIC_NO_PIC = NO;
				GCC_NO_COMMON_BLOCKS = YES;
				GCC_OPTIMIZATION_LEVEL = 0;
				GCC_PREPROCESSOR_DEFINITIONS = (
					"DEBUG=1",
					"$(inherited)",
				);
				GCC_WARN_64_TO_32_BIT_CONVERSION = YES;
				GCC_WARN_ABOUT_RETURN_TYPE = YES_ERROR;
				GCC_WARN_UNDECLARED_SELECTOR = YES;
				GCC_WARN_UNINITIALIZED_AUTOS = YES_AGGRESSIVE;
				GCC_WARN_UNUSED_FUNCTION = YES;
				GCC_WARN_UNUSED_VARIABLE = YES;
				IPHONEOS_DEPLOYMENT_TARGET = 10.2;
				MTL_ENABLE_DEBUG_INFO = YES;
				ONLY_ACTIVE_ARCH = YES;
				SDKROOT = iphoneos;
				SWIFT_ACTIVE_COMPILATION_CONDITIONS = DEBUG;
				SWIFT_OPTIMIZATION_LEVEL = "-Onone";
				TARGETED_DEVICE_FAMILY = "1,2";
			};
			name = Debug;
		};
		02509C781E5DC30500A780C1 /* Release */ = {
			isa = XCBuildConfiguration;
			buildSettings = {
				ALWAYS_SEARCH_USER_PATHS = NO;
				CLANG_ANALYZER_NONNULL = YES;
				CLANG_CXX_LANGUAGE_STANDARD = "gnu++0x";
				CLANG_CXX_LIBRARY = "libc++";
				CLANG_ENABLE_MODULES = YES;
				CLANG_ENABLE_OBJC_ARC = YES;
				CLANG_WARN_BOOL_CONVERSION = YES;
				CLANG_WARN_CONSTANT_CONVERSION = YES;
				CLANG_WARN_DIRECT_OBJC_ISA_USAGE = YES_ERROR;
				CLANG_WARN_DOCUMENTATION_COMMENTS = YES;
				CLANG_WARN_EMPTY_BODY = YES;
				CLANG_WARN_ENUM_CONVERSION = YES;
				CLANG_WARN_INFINITE_RECURSION = YES;
				CLANG_WARN_INT_CONVERSION = YES;
				CLANG_WARN_OBJC_ROOT_CLASS = YES_ERROR;
				CLANG_WARN_SUSPICIOUS_MOVE = YES;
				CLANG_WARN_UNREACHABLE_CODE = YES;
				CLANG_WARN__DUPLICATE_METHOD_MATCH = YES;
				"CODE_SIGN_IDENTITY[sdk=iphoneos*]" = "iPhone Developer";
				COPY_PHASE_STRIP = NO;
				DEBUG_INFORMATION_FORMAT = "dwarf-with-dsym";
				ENABLE_NS_ASSERTIONS = NO;
				ENABLE_STRICT_OBJC_MSGSEND = YES;
				GCC_C_LANGUAGE_STANDARD = gnu99;
				GCC_NO_COMMON_BLOCKS = YES;
				GCC_WARN_64_TO_32_BIT_CONVERSION = YES;
				GCC_WARN_ABOUT_RETURN_TYPE = YES_ERROR;
				GCC_WARN_UNDECLARED_SELECTOR = YES;
				GCC_WARN_UNINITIALIZED_AUTOS = YES_AGGRESSIVE;
				GCC_WARN_UNUSED_FUNCTION = YES;
				GCC_WARN_UNUSED_VARIABLE = YES;
				IPHONEOS_DEPLOYMENT_TARGET = 10.2;
				MTL_ENABLE_DEBUG_INFO = NO;
				SDKROOT = iphoneos;
				SWIFT_OPTIMIZATION_LEVEL = "-Owholemodule";
				TARGETED_DEVICE_FAMILY = "1,2";
				VALIDATE_PRODUCT = YES;
			};
			name = Release;
		};
		02509C7A1E5DC30500A780C1 /* Debug */ = {
			isa = XCBuildConfiguration;
			buildSettings = {
				ASSETCATALOG_COMPILER_APPICON_NAME = AppIcon;
				INFOPLIST_FILE = AnimationsWorks/Info.plist;
				LD_RUNPATH_SEARCH_PATHS = "$(inherited) @executable_path/Frameworks";
				PRODUCT_BUNDLE_IDENTIFIER = pavelBondar.AnimationsWorks;
				PRODUCT_NAME = "$(TARGET_NAME)";
				SWIFT_VERSION = 3.0;
			};
			name = Debug;
		};
		02509C7B1E5DC30500A780C1 /* Release */ = {
			isa = XCBuildConfiguration;
			buildSettings = {
				ASSETCATALOG_COMPILER_APPICON_NAME = AppIcon;
				INFOPLIST_FILE = AnimationsWorks/Info.plist;
				LD_RUNPATH_SEARCH_PATHS = "$(inherited) @executable_path/Frameworks";
				PRODUCT_BUNDLE_IDENTIFIER = pavelBondar.AnimationsWorks;
				PRODUCT_NAME = "$(TARGET_NAME)";
				SWIFT_VERSION = 3.0;
			};
			name = Release;
		};
/* End XCBuildConfiguration section */

/* Begin XCConfigurationList section */
		02509C621E5DC30500A780C1 /* Build configuration list for PBXProject "AnimationsWorks" */ = {
			isa = XCConfigurationList;
			buildConfigurations = (
				02509C771E5DC30500A780C1 /* Debug */,
				02509C781E5DC30500A780C1 /* Release */,
			);
			defaultConfigurationIsVisible = 0;
			defaultConfigurationName = Release;
		};
		02509C791E5DC30500A780C1 /* Build configuration list for PBXNativeTarget "AnimationsWorks" */ = {
			isa = XCConfigurationList;
			buildConfigurations = (
				02509C7A1E5DC30500A780C1 /* Debug */,
				02509C7B1E5DC30500A780C1 /* Release */,
			);
			defaultConfigurationIsVisible = 0;
			defaultConfigurationName = Release;
		};
/* End XCConfigurationList section */
	};
	rootObject = 02509C5F1E5DC30500A780C1 /* Project object */;
}
